<?xml version="1.0" encoding="utf-8"?>
<Project ToolsVersion="4.0" xmlns="http://schemas.microsoft.com/developer/msbuild/2003">
  <ItemGroup>
    <Filter Include="DX11">
      <UniqueIdentifier>{65b533fb-35fe-4754-b2b5-2665d7e2c715}</UniqueIdentifier>
    </Filter>
  </ItemGroup>
  <ItemGroup>
    <FxCompile Include="SpriteVS.hlsl">
      <Filter>DX11</Filter>
    </FxCompile>
    <FxCompile Include="ParticleVS.hlsl">
      <Filter>DX11</Filter>
    </FxCompile>
    <FxCompile Include="SpritePS.hlsl">
      <Filter>DX11</Filter>
    </FxCompile>
  </ItemGroup>
</Project>