
Microsoft Visual Studio Solution File, Format Version 12.00
# Visual Studio 14
VisualStudioVersion = 14.0.25123.0
MinimumVisualStudioVersion = 10.0.40219.1
Project("{8BC9CEB8-8B4A-11D0-8D11-00A0C91BC942}") = "Engine", "Engine\Engine.vcxproj", "{B1FC51F7-8CC4-44DF-A29B-1A57BA664532}"
	ProjectSection(ProjectDependencies) = postProject
		{517B422E-C16D-4980-8961-1BA605BCB56B} = {517B422E-C16D-4980-8961-1BA605BCB56B}
		{BDA6DB2F-67CA-4B4D-89A8-3E135CEAC00D} = {BDA6DB2F-67CA-4B4D-89A8-3E135CEAC00D}
		{6EF71830-F4B5-4BB5-B60C-AB3205F4ECA9} = {6EF71830-F4B5-4BB5-B60C-AB3205F4ECA9}
		{29EA95D7-AA40-4BD5-8C02-2D868EC12A67} = {29EA95D7-AA40-4BD5-8C02-2D868EC12A67}
		{8CC4BAE9-F642-4C59-A589-A5987BE37DB3} = {8CC4BAE9-F642-4C59-A589-A5987BE37DB3}
	EndProjectSection
EndProject
Project("{8BC9CEB8-8B4A-11D0-8D11-00A0C91BC942}") = "Renderer", "Renderer\Renderer.vcxproj", "{8CC4BAE9-F642-4C59-A589-A5987BE37DB3}"
EndProject
Project("{8BC9CEB8-8B4A-11D0-8D11-00A0C91BC942}") = "Common", "Common\Common.vcxproj", "{29EA95D7-AA40-4BD5-8C02-2D868EC12A67}"
EndProject
Project("{8BC9CEB8-8B4A-11D0-8D11-00A0C91BC942}") = "DX11", "DX11\DX11.vcxproj", "{BD576648-802C-4751-9335-F102A19C0851}"
	ProjectSection(ProjectDependencies) = postProject
		{C0B00D86-BEB4-4D31-AA09-53F20754C3DF} = {C0B00D86-BEB4-4D31-AA09-53F20754C3DF}
		{29EA95D7-AA40-4BD5-8C02-2D868EC12A67} = {29EA95D7-AA40-4BD5-8C02-2D868EC12A67}
		{8CC4BAE9-F642-4C59-A589-A5987BE37DB3} = {8CC4BAE9-F642-4C59-A589-A5987BE37DB3}
	EndProjectSection
EndProject
Project("{8BC9CEB8-8B4A-11D0-8D11-00A0C91BC942}") = "Shaders", "Shaders\Shaders.vcxproj", "{C0B00D86-BEB4-4D31-AA09-53F20754C3DF}"
EndProject
Project("{8BC9CEB8-8B4A-11D0-8D11-00A0C91BC942}") = "AssetPipeline", "AssetPipeline\AssetPipeline.vcxproj", "{6EF71830-F4B5-4BB5-B60C-AB3205F4ECA9}"
EndProject
Project("{8BC9CEB8-8B4A-11D0-8D11-00A0C91BC942}") = "Math", "Math\Math.vcxproj", "{517B422E-C16D-4980-8961-1BA605BCB56B}"
EndProject
Project("{8BC9CEB8-8B4A-11D0-8D11-00A0C91BC942}") = "LuaInterface", "LuaInterface\LuaInterface.vcxproj", "{BDA6DB2F-67CA-4B4D-89A8-3E135CEAC00D}"
EndProject
Project("{8BC9CEB8-8B4A-11D0-8D11-00A0C91BC942}") = "Game", "Game\Game.vcxproj", "{6550912D-8D5E-4B12-8FC8-B5187B949ACF}"
	ProjectSection(ProjectDependencies) = postProject
		{BD576648-802C-4751-9335-F102A19C0851} = {BD576648-802C-4751-9335-F102A19C0851}
		{B1FC51F7-8CC4-44DF-A29B-1A57BA664532} = {B1FC51F7-8CC4-44DF-A29B-1A57BA664532}
	EndProjectSection
EndProject
Global
	GlobalSection(SolutionConfigurationPlatforms) = preSolution
		Debug|x64 = Debug|x64
		Debug|x86 = Debug|x86
		Release|x64 = Release|x64
		Release|x86 = Release|x86
	EndGlobalSection
	GlobalSection(ProjectConfigurationPlatforms) = postSolution
		{B1FC51F7-8CC4-44DF-A29B-1A57BA664532}.Debug|x64.ActiveCfg = Debug|x64
		{B1FC51F7-8CC4-44DF-A29B-1A57BA664532}.Debug|x64.Build.0 = Debug|x64
		{B1FC51F7-8CC4-44DF-A29B-1A57BA664532}.Debug|x86.ActiveCfg = Debug|Win32
		{B1FC51F7-8CC4-44DF-A29B-1A57BA664532}.Debug|x86.Build.0 = Debug|Win32
		{B1FC51F7-8CC4-44DF-A29B-1A57BA664532}.Release|x64.ActiveCfg = Release|x64
		{B1FC51F7-8CC4-44DF-A29B-1A57BA664532}.Release|x64.Build.0 = Release|x64
		{B1FC51F7-8CC4-44DF-A29B-1A57BA664532}.Release|x86.ActiveCfg = Release|Win32
		{B1FC51F7-8CC4-44DF-A29B-1A57BA664532}.Release|x86.Build.0 = Release|Win32
		{8CC4BAE9-F642-4C59-A589-A5987BE37DB3}.Debug|x64.ActiveCfg = Debug|x64
		{8CC4BAE9-F642-4C59-A589-A5987BE37DB3}.Debug|x64.Build.0 = Debug|x64
		{8CC4BAE9-F642-4C59-A589-A5987BE37DB3}.Debug|x86.ActiveCfg = Debug|Win32
		{8CC4BAE9-F642-4C59-A589-A5987BE37DB3}.Debug|x86.Build.0 = Debug|Win32
		{8CC4BAE9-F642-4C59-A589-A5987BE37DB3}.Release|x64.ActiveCfg = Release|x64
		{8CC4BAE9-F642-4C59-A589-A5987BE37DB3}.Release|x64.Build.0 = Release|x64
		{8CC4BAE9-F642-4C59-A589-A5987BE37DB3}.Release|x86.ActiveCfg = Release|Win32
		{8CC4BAE9-F642-4C59-A589-A5987BE37DB3}.Release|x86.Build.0 = Release|Win32
		{29EA95D7-AA40-4BD5-8C02-2D868EC12A67}.Debug|x64.ActiveCfg = Debug|x64
		{29EA95D7-AA40-4BD5-8C02-2D868EC12A67}.Debug|x64.Build.0 = Debug|x64
		{29EA95D7-AA40-4BD5-8C02-2D868EC12A67}.Debug|x86.ActiveCfg = Debug|Win32
		{29EA95D7-AA40-4BD5-8C02-2D868EC12A67}.Debug|x86.Build.0 = Debug|Win32
		{29EA95D7-AA40-4BD5-8C02-2D868EC12A67}.Release|x64.ActiveCfg = Release|x64
		{29EA95D7-AA40-4BD5-8C02-2D868EC12A67}.Release|x64.Build.0 = Release|x64
		{29EA95D7-AA40-4BD5-8C02-2D868EC12A67}.Release|x86.ActiveCfg = Release|Win32
		{29EA95D7-AA40-4BD5-8C02-2D868EC12A67}.Release|x86.Build.0 = Release|Win32
		{BD576648-802C-4751-9335-F102A19C0851}.Debug|x64.ActiveCfg = Debug|x64
		{BD576648-802C-4751-9335-F102A19C0851}.Debug|x64.Build.0 = Debug|x64
		{BD576648-802C-4751-9335-F102A19C0851}.Debug|x86.ActiveCfg = Debug|Win32
		{BD576648-802C-4751-9335-F102A19C0851}.Debug|x86.Build.0 = Debug|Win32
		{BD576648-802C-4751-9335-F102A19C0851}.Release|x64.ActiveCfg = Release|x64
		{BD576648-802C-4751-9335-F102A19C0851}.Release|x64.Build.0 = Release|x64
		{BD576648-802C-4751-9335-F102A19C0851}.Release|x86.ActiveCfg = Release|Win32
		{BD576648-802C-4751-9335-F102A19C0851}.Release|x86.Build.0 = Release|Win32
		{C0B00D86-BEB4-4D31-AA09-53F20754C3DF}.Debug|x64.ActiveCfg = Debug|x64
		{C0B00D86-BEB4-4D31-AA09-53F20754C3DF}.Debug|x64.Build.0 = Debug|x64
		{C0B00D86-BEB4-4D31-AA09-53F20754C3DF}.Debug|x86.ActiveCfg = Debug|Win32
		{C0B00D86-BEB4-4D31-AA09-53F20754C3DF}.Debug|x86.Build.0 = Debug|Win32
		{C0B00D86-BEB4-4D31-AA09-53F20754C3DF}.Release|x64.ActiveCfg = Release|x64
		{C0B00D86-BEB4-4D31-AA09-53F20754C3DF}.Release|x64.Build.0 = Release|x64
		{C0B00D86-BEB4-4D31-AA09-53F20754C3DF}.Release|x86.ActiveCfg = Release|Win32
		{C0B00D86-BEB4-4D31-AA09-53F20754C3DF}.Release|x86.Build.0 = Release|Win32
		{6EF71830-F4B5-4BB5-B60C-AB3205F4ECA9}.Debug|x64.ActiveCfg = Debug|x64
		{6EF71830-F4B5-4BB5-B60C-AB3205F4ECA9}.Debug|x64.Build.0 = Debug|x64
		{6EF71830-F4B5-4BB5-B60C-AB3205F4ECA9}.Debug|x86.ActiveCfg = Debug|Win32
		{6EF71830-F4B5-4BB5-B60C-AB3205F4ECA9}.Debug|x86.Build.0 = Debug|Win32
		{6EF71830-F4B5-4BB5-B60C-AB3205F4ECA9}.Release|x64.ActiveCfg = Release|x64
		{6EF71830-F4B5-4BB5-B60C-AB3205F4ECA9}.Release|x64.Build.0 = Release|x64
		{6EF71830-F4B5-4BB5-B60C-AB3205F4ECA9}.Release|x86.ActiveCfg = Release|Win32
		{6EF71830-F4B5-4BB5-B60C-AB3205F4ECA9}.Release|x86.Build.0 = Release|Win32
		{517B422E-C16D-4980-8961-1BA605BCB56B}.Debug|x64.ActiveCfg = Debug|x64
		{517B422E-C16D-4980-8961-1BA605BCB56B}.Debug|x64.Build.0 = Debug|x64
		{517B422E-C16D-4980-8961-1BA605BCB56B}.Debug|x86.ActiveCfg = Debug|Win32
		{517B422E-C16D-4980-8961-1BA605BCB56B}.Debug|x86.Build.0 = Debug|Win32
		{517B422E-C16D-4980-8961-1BA605BCB56B}.Release|x64.ActiveCfg = Release|x64
		{517B422E-C16D-4980-8961-1BA605BCB56B}.Release|x64.Build.0 = Release|x64
		{517B422E-C16D-4980-8961-1BA605BCB56B}.Release|x86.ActiveCfg = Release|Win32
		{517B422E-C16D-4980-8961-1BA605BCB56B}.Release|x86.Build.0 = Release|Win32
		{BDA6DB2F-67CA-4B4D-89A8-3E135CEAC00D}.Debug|x64.ActiveCfg = Debug|x64
		{BDA6DB2F-67CA-4B4D-89A8-3E135CEAC00D}.Debug|x64.Build.0 = Debug|x64
		{BDA6DB2F-67CA-4B4D-89A8-3E135CEAC00D}.Debug|x86.ActiveCfg = Debug|Win32
		{BDA6DB2F-67CA-4B4D-89A8-3E135CEAC00D}.Debug|x86.Build.0 = Debug|Win32
		{BDA6DB2F-67CA-4B4D-89A8-3E135CEAC00D}.Release|x64.ActiveCfg = Release|x64
		{BDA6DB2F-67CA-4B4D-89A8-3E135CEAC00D}.Release|x64.Build.0 = Release|x64
		{BDA6DB2F-67CA-4B4D-89A8-3E135CEAC00D}.Release|x86.ActiveCfg = Release|Win32
		{BDA6DB2F-67CA-4B4D-89A8-3E135CEAC00D}.Release|x86.Build.0 = Release|Win32
		{6550912D-8D5E-4B12-8FC8-B5187B949ACF}.Debug|x64.ActiveCfg = Debug|x64
		{6550912D-8D5E-4B12-8FC8-B5187B949ACF}.Debug|x64.Build.0 = Debug|x64
		{6550912D-8D5E-4B12-8FC8-B5187B949ACF}.Debug|x86.ActiveCfg = Debug|Win32
		{6550912D-8D5E-4B12-8FC8-B5187B949ACF}.Debug|x86.Build.0 = Debug|Win32
		{6550912D-8D5E-4B12-8FC8-B5187B949ACF}.Release|x64.ActiveCfg = Release|x64
		{6550912D-8D5E-4B12-8FC8-B5187B949ACF}.Release|x64.Build.0 = Release|x64
		{6550912D-8D5E-4B12-8FC8-B5187B949ACF}.Release|x86.ActiveCfg = Release|Win32
		{6550912D-8D5E-4B12-8FC8-B5187B949ACF}.Release|x86.Build.0 = Release|Win32
	EndGlobalSection
	GlobalSection(SolutionProperties) = preSolution
		HideSolutionNode = FALSE
	EndGlobalSection
EndGlobal
