
Microsoft Visual Studio Solution File, Format Version 12.00
# Visual Studio 14
VisualStudioVersion = 14.0.25123.0
MinimumVisualStudioVersion = 10.0.40219.1
Project("{8BC9CEB8-8B4A-11D0-8D11-00A0C91BC942}") = "Engine", "Engine\Engine.vcxproj", "{B1FC51F7-8CC4-44DF-A29B-1A57BA664532}"
EndProject
Project("{8BC9CEB8-8B4A-11D0-8D11-00A0C91BC942}") = "Renderer", "Renderer\Renderer.vcxproj", "{8CC4BAE9-F642-4C59-A589-A5987BE37DB3}"
EndProject
Project("{8BC9CEB8-8B4A-11D0-8D11-00A0C91BC942}") = "Common", "Common\Common.vcxproj", "{29EA95D7-AA40-4BD5-8C02-2D868EC12A67}"
EndProject
Global
	GlobalSection(SolutionConfigurationPlatforms) = preSolution
		Debug|x64 = Debug|x64
		Debug|x86 = Debug|x86
		Release|x64 = Release|x64
		Release|x86 = Release|x86
	EndGlobalSection
	GlobalSection(ProjectConfigurationPlatforms) = postSolution
		{B1FC51F7-8CC4-44DF-A29B-1A57BA664532}.Debug|x64.ActiveCfg = Debug|x64
		{B1FC51F7-8CC4-44DF-A29B-1A57BA664532}.Debug|x64.Build.0 = Debug|x64
		{B1FC51F7-8CC4-44DF-A29B-1A57BA664532}.Debug|x86.ActiveCfg = Debug|Win32
		{B1FC51F7-8CC4-44DF-A29B-1A57BA664532}.Debug|x86.Build.0 = Debug|Win32
		{B1FC51F7-8CC4-44DF-A29B-1A57BA664532}.Release|x64.ActiveCfg = Release|x64
		{B1FC51F7-8CC4-44DF-A29B-1A57BA664532}.Release|x64.Build.0 = Release|x64
		{B1FC51F7-8CC4-44DF-A29B-1A57BA664532}.Release|x86.ActiveCfg = Release|Win32
		{B1FC51F7-8CC4-44DF-A29B-1A57BA664532}.Release|x86.Build.0 = Release|Win32
		{8CC4BAE9-F642-4C59-A589-A5987BE37DB3}.Debug|x64.ActiveCfg = Debug|x64
		{8CC4BAE9-F642-4C59-A589-A5987BE37DB3}.Debug|x64.Build.0 = Debug|x64
		{8CC4BAE9-F642-4C59-A589-A5987BE37DB3}.Debug|x86.ActiveCfg = Debug|Win32
		{8CC4BAE9-F642-4C59-A589-A5987BE37DB3}.Debug|x86.Build.0 = Debug|Win32
		{8CC4BAE9-F642-4C59-A589-A5987BE37DB3}.Release|x64.ActiveCfg = Release|x64
		{8CC4BAE9-F642-4C59-A589-A5987BE37DB3}.Release|x64.Build.0 = Release|x64
		{8CC4BAE9-F642-4C59-A589-A5987BE37DB3}.Release|x86.ActiveCfg = Release|Win32
		{8CC4BAE9-F642-4C59-A589-A5987BE37DB3}.Release|x86.Build.0 = Release|Win32
		{29EA95D7-AA40-4BD5-8C02-2D868EC12A67}.Debug|x64.ActiveCfg = Debug|x64
		{29EA95D7-AA40-4BD5-8C02-2D868EC12A67}.Debug|x64.Build.0 = Debug|x64
		{29EA95D7-AA40-4BD5-8C02-2D868EC12A67}.Debug|x86.ActiveCfg = Debug|Win32
		{29EA95D7-AA40-4BD5-8C02-2D868EC12A67}.Debug|x86.Build.0 = Debug|Win32
		{29EA95D7-AA40-4BD5-8C02-2D868EC12A67}.Release|x64.ActiveCfg = Release|x64
		{29EA95D7-AA40-4BD5-8C02-2D868EC12A67}.Release|x64.Build.0 = Release|x64
		{29EA95D7-AA40-4BD5-8C02-2D868EC12A67}.Release|x86.ActiveCfg = Release|Win32
		{29EA95D7-AA40-4BD5-8C02-2D868EC12A67}.Release|x86.Build.0 = Release|Win32
	EndGlobalSection
	GlobalSection(SolutionProperties) = preSolution
		HideSolutionNode = FALSE
	EndGlobalSection
EndGlobal
